
Microsoft Visual Studio Solution File, Format Version 12.00
# Visual Studio Version 16
VisualStudioVersion = 16.0.31515.178
MinimumVisualStudioVersion = 10.0.40219.1
Project("{FAE04EC0-301F-11D3-BF4B-00C04F79EFBC}") = "QUANLYTHICU", "QUANLYTHICU\QUANLYTHICU.csproj", "{C34A9A54-1A96-4F08-BF7E-2F9E8586EF8D}"
EndProject
Project("{FAE04EC0-301F-11D3-BF4B-00C04F79EFBC}") = "QUANLYTHICU.DAL", "QUANLYTHICU.DAL\QUANLYTHICU.DAL.csproj", "{B1132F9F-64F6-42E1-9A10-6FDDE969A2A4}"
EndProject
Project("{FAE04EC0-301F-11D3-BF4B-00C04F79EFBC}") = "QUANLYTHICU.BAL", "QUANLYTHICU.BAL\QUANLYTHICU.BAL.csproj", "{933E9476-7F67-4C2C-8DC8-001C88AD8545}"
EndProject
Project("{FAE04EC0-301F-11D3-BF4B-00C04F79EFBC}") = "QUANLYTHICU.DTO", "QUANLYTHICU.DTO\QUANLYTHICU.DTO.csproj", "{C9B6176A-2F82-4125-AF9E-28E276CB3963}"
EndProject
Global
	GlobalSection(SolutionConfigurationPlatforms) = preSolution
		Debug|Any CPU = Debug|Any CPU
		Release|Any CPU = Release|Any CPU
	EndGlobalSection
	GlobalSection(ProjectConfigurationPlatforms) = postSolution
		{C34A9A54-1A96-4F08-BF7E-2F9E8586EF8D}.Debug|Any CPU.ActiveCfg = Debug|Any CPU
		{C34A9A54-1A96-4F08-BF7E-2F9E8586EF8D}.Debug|Any CPU.Build.0 = Debug|Any CPU
		{C34A9A54-1A96-4F08-BF7E-2F9E8586EF8D}.Release|Any CPU.ActiveCfg = Release|Any CPU
		{C34A9A54-1A96-4F08-BF7E-2F9E8586EF8D}.Release|Any CPU.Build.0 = Release|Any CPU
		{B1132F9F-64F6-42E1-9A10-6FDDE969A2A4}.Debug|Any CPU.ActiveCfg = Debug|Any CPU
		{B1132F9F-64F6-42E1-9A10-6FDDE969A2A4}.Debug|Any CPU.Build.0 = Debug|Any CPU
		{B1132F9F-64F6-42E1-9A10-6FDDE969A2A4}.Release|Any CPU.ActiveCfg = Release|Any CPU
		{B1132F9F-64F6-42E1-9A10-6FDDE969A2A4}.Release|Any CPU.Build.0 = Release|Any CPU
		{933E9476-7F67-4C2C-8DC8-001C88AD8545}.Debug|Any CPU.ActiveCfg = Debug|Any CPU
		{933E9476-7F67-4C2C-8DC8-001C88AD8545}.Debug|Any CPU.Build.0 = Debug|Any CPU
		{933E9476-7F67-4C2C-8DC8-001C88AD8545}.Release|Any CPU.ActiveCfg = Release|Any CPU
		{933E9476-7F67-4C2C-8DC8-001C88AD8545}.Release|Any CPU.Build.0 = Release|Any CPU
		{C9B6176A-2F82-4125-AF9E-28E276CB3963}.Debug|Any CPU.ActiveCfg = Debug|Any CPU
		{C9B6176A-2F82-4125-AF9E-28E276CB3963}.Debug|Any CPU.Build.0 = Debug|Any CPU
		{C9B6176A-2F82-4125-AF9E-28E276CB3963}.Release|Any CPU.ActiveCfg = Release|Any CPU
		{C9B6176A-2F82-4125-AF9E-28E276CB3963}.Release|Any CPU.Build.0 = Release|Any CPU
	EndGlobalSection
	GlobalSection(SolutionProperties) = preSolution
		HideSolutionNode = FALSE
	EndGlobalSection
	GlobalSection(ExtensibilityGlobals) = postSolution
		SolutionGuid = {713B8D8E-A232-404B-9D6B-41B3A1F27823}
	EndGlobalSection
EndGlobal
